
Microsoft Visual Studio Solution File, Format Version 12.00
# Visual Studio 2012
Project("{FAE04EC0-301F-11D3-BF4B-00C04F79EFBC}") = "note-frequency", "note-frequency\note-frequency.csproj", "{AAEB1DDE-6C3D-4227-86AB-45531AF628E2}"
EndProject
Project("{FAE04EC0-301F-11D3-BF4B-00C04F79EFBC}") = "test", "test\test.csproj", "{2CF4B1B8-C4B7-49A7-BD31-36F307DE48C4}"
EndProject
Project("{FAE04EC0-301F-11D3-BF4B-00C04F79EFBC}") = "note-frequency-gtk", "note-frequency-gtk\note-frequency-gtk.csproj", "{3FEC395F-60BD-496A-9CF0-6EBE7F2FBEFE}"
EndProject
Global
	GlobalSection(SolutionConfigurationPlatforms) = preSolution
		Debug|Any CPU = Debug|Any CPU
		Release|Any CPU = Release|Any CPU
	EndGlobalSection
	GlobalSection(ProjectConfigurationPlatforms) = postSolution
		{2CF4B1B8-C4B7-49A7-BD31-36F307DE48C4}.Debug|Any CPU.ActiveCfg = Debug|Any CPU
		{2CF4B1B8-C4B7-49A7-BD31-36F307DE48C4}.Debug|Any CPU.Build.0 = Debug|Any CPU
		{2CF4B1B8-C4B7-49A7-BD31-36F307DE48C4}.Release|Any CPU.ActiveCfg = Release|Any CPU
		{2CF4B1B8-C4B7-49A7-BD31-36F307DE48C4}.Release|Any CPU.Build.0 = Release|Any CPU
		{3FEC395F-60BD-496A-9CF0-6EBE7F2FBEFE}.Debug|Any CPU.ActiveCfg = Debug|Any CPU
		{3FEC395F-60BD-496A-9CF0-6EBE7F2FBEFE}.Debug|Any CPU.Build.0 = Debug|Any CPU
		{3FEC395F-60BD-496A-9CF0-6EBE7F2FBEFE}.Release|Any CPU.ActiveCfg = Release|Any CPU
		{3FEC395F-60BD-496A-9CF0-6EBE7F2FBEFE}.Release|Any CPU.Build.0 = Release|Any CPU
		{AAEB1DDE-6C3D-4227-86AB-45531AF628E2}.Debug|Any CPU.ActiveCfg = Debug|Any CPU
		{AAEB1DDE-6C3D-4227-86AB-45531AF628E2}.Debug|Any CPU.Build.0 = Debug|Any CPU
		{AAEB1DDE-6C3D-4227-86AB-45531AF628E2}.Release|Any CPU.ActiveCfg = Release|Any CPU
		{AAEB1DDE-6C3D-4227-86AB-45531AF628E2}.Release|Any CPU.Build.0 = Release|Any CPU
	EndGlobalSection
EndGlobal
